
Microsoft Visual Studio Solution File, Format Version 11.00
# Visual Studio 2010
Project("{FAE04EC0-301F-11D3-BF4B-00C04F79EFBC}") = "MDProcess", "MDProcess\MDProcess.csproj", "{0E09F9AB-75F1-4476-970D-B84BE2045E9D}"
EndProject
Project("{FAE04EC0-301F-11D3-BF4B-00C04F79EFBC}") = "PubTools", "PubTools\PubTools.csproj", "{81F8D7B6-8FA1-4EE8-B875-75F33CC993C4}"
EndProject
Project("{FAE04EC0-301F-11D3-BF4B-00C04F79EFBC}") = "InitTradingDays", "InitTradingDays\InitTradingDays.csproj", "{7A1F27E8-E8E6-4B66-B55A-4837E1830FE2}"
EndProject
Global
	GlobalSection(SolutionConfigurationPlatforms) = preSolution
		Debug|x86 = Debug|x86
		Release|x86 = Release|x86
	EndGlobalSection
	GlobalSection(ProjectConfigurationPlatforms) = postSolution
		{0E09F9AB-75F1-4476-970D-B84BE2045E9D}.Debug|x86.ActiveCfg = Debug|x86
		{0E09F9AB-75F1-4476-970D-B84BE2045E9D}.Debug|x86.Build.0 = Debug|x86
		{0E09F9AB-75F1-4476-970D-B84BE2045E9D}.Release|x86.ActiveCfg = Release|x86
		{0E09F9AB-75F1-4476-970D-B84BE2045E9D}.Release|x86.Build.0 = Release|x86
		{81F8D7B6-8FA1-4EE8-B875-75F33CC993C4}.Debug|x86.ActiveCfg = Debug|x86
		{81F8D7B6-8FA1-4EE8-B875-75F33CC993C4}.Debug|x86.Build.0 = Debug|x86
		{81F8D7B6-8FA1-4EE8-B875-75F33CC993C4}.Release|x86.ActiveCfg = Release|x86
		{81F8D7B6-8FA1-4EE8-B875-75F33CC993C4}.Release|x86.Build.0 = Release|x86
		{7A1F27E8-E8E6-4B66-B55A-4837E1830FE2}.Debug|x86.ActiveCfg = Debug|x86
		{7A1F27E8-E8E6-4B66-B55A-4837E1830FE2}.Debug|x86.Build.0 = Debug|x86
		{7A1F27E8-E8E6-4B66-B55A-4837E1830FE2}.Release|x86.ActiveCfg = Release|x86
		{7A1F27E8-E8E6-4B66-B55A-4837E1830FE2}.Release|x86.Build.0 = Release|x86
	EndGlobalSection
	GlobalSection(SolutionProperties) = preSolution
		HideSolutionNode = FALSE
	EndGlobalSection
EndGlobal
