
Microsoft Visual Studio Solution File, Format Version 11.00
# Visual Studio 2010
Project("{FAE04EC0-301F-11D3-BF4B-00C04F79EFBC}") = "ProgrammeTrade", "ProgrammeTrade\ProgrammeTrade.csproj", "{93B864C6-A153-437C-81AE-69F76CC9D20D}"
EndProject
Global
	GlobalSection(SolutionConfigurationPlatforms) = preSolution
		Debug|Any CPU = Debug|Any CPU
		Release|Any CPU = Release|Any CPU
	EndGlobalSection
	GlobalSection(ProjectConfigurationPlatforms) = postSolution
		{93B864C6-A153-437C-81AE-69F76CC9D20D}.Debug|Any CPU.ActiveCfg = Debug|Any CPU
		{93B864C6-A153-437C-81AE-69F76CC9D20D}.Debug|Any CPU.Build.0 = Debug|Any CPU
		{93B864C6-A153-437C-81AE-69F76CC9D20D}.Release|Any CPU.ActiveCfg = Release|Any CPU
		{93B864C6-A153-437C-81AE-69F76CC9D20D}.Release|Any CPU.Build.0 = Release|Any CPU
	EndGlobalSection
	GlobalSection(SolutionProperties) = preSolution
		HideSolutionNode = FALSE
	EndGlobalSection
EndGlobal
